
Microsoft Visual Studio Solution File, Format Version 12.00
# Visual Studio Version 16
VisualStudioVersion = 16.0.30204.135
MinimumVisualStudioVersion = 10.0.40219.1
Project("{FAE04EC0-301F-11D3-BF4B-00C04F79EFBC}") = "Test", "Test\Test.csproj", "{D6B6F36A-CB52-4194-AF67-1D86A77C3851}"
EndProject
Global
	GlobalSection(SolutionConfigurationPlatforms) = preSolution
		Debug|Any CPU = Debug|Any CPU
		Release|Any CPU = Release|Any CPU
	EndGlobalSection
	GlobalSection(ProjectConfigurationPlatforms) = postSolution
		{D6B6F36A-CB52-4194-AF67-1D86A77C3851}.Debug|Any CPU.ActiveCfg = Debug|Any CPU
		{D6B6F36A-CB52-4194-AF67-1D86A77C3851}.Debug|Any CPU.Build.0 = Debug|Any CPU
		{D6B6F36A-CB52-4194-AF67-1D86A77C3851}.Release|Any CPU.ActiveCfg = Release|Any CPU
		{D6B6F36A-CB52-4194-AF67-1D86A77C3851}.Release|Any CPU.Build.0 = Release|Any CPU
	EndGlobalSection
	GlobalSection(SolutionProperties) = preSolution
		HideSolutionNode = FALSE
	EndGlobalSection
	GlobalSection(ExtensibilityGlobals) = postSolution
		SolutionGuid = {D507C40F-B268-40BC-A230-52D425786D9F}
	EndGlobalSection
EndGlobal
